
Microsoft Visual Studio Solution File, Format Version 12.00
# Visual Studio Version 17
VisualStudioVersion = 17.10.35013.160
MinimumVisualStudioVersion = 10.0.40219.1
Project("{FAE04EC0-301F-11D3-BF4B-00C04F79EFBC}") = "egov", "egov\egov.csproj", "{257FBCEE-9EB7-4C37-8C54-C6AEF7061B48}"
EndProject
Global
	GlobalSection(SolutionConfigurationPlatforms) = preSolution
		Debug|Any CPU = Debug|Any CPU
		Release|Any CPU = Release|Any CPU
	EndGlobalSection
	GlobalSection(ProjectConfigurationPlatforms) = postSolution
		{257FBCEE-9EB7-4C37-8C54-C6AEF7061B48}.Debug|Any CPU.ActiveCfg = Debug|Any CPU
		{257FBCEE-9EB7-4C37-8C54-C6AEF7061B48}.Debug|Any CPU.Build.0 = Debug|Any CPU
		{257FBCEE-9EB7-4C37-8C54-C6AEF7061B48}.Release|Any CPU.ActiveCfg = Release|Any CPU
		{257FBCEE-9EB7-4C37-8C54-C6AEF7061B48}.Release|Any CPU.Build.0 = Release|Any CPU
	EndGlobalSection
	GlobalSection(SolutionProperties) = preSolution
		HideSolutionNode = FALSE
	EndGlobalSection
	GlobalSection(ExtensibilityGlobals) = postSolution
		SolutionGuid = {032A7014-1FBA-45FF-BC8F-2C8ED783B8E4}
	EndGlobalSection
EndGlobal
