{
  "name": "egov",
  "lockfileVersion": 3,
  "requires": true,
  "packages": {
    "": {
      "dependencies": {
        "smtp-client": "^0.4.0"
      }
    },
    "node_modules/line-buffer": {
      "version": "0.1.4",
      "resolved": "https://registry.npmjs.org/line-buffer/-/line-buffer-0.1.4.tgz",
      "integrity": "sha512-JAklY0PFT9JTtIMS/tpTRwByIVUo8jJLT4mTK43gl9mUZRDxz1F9UsOWySLk80+Oxo9KpwEEuO/z/Nk5k2IC2w=="
    },
    "node_modules/promised-timeout": {
      "version": "0.5.1",
      "resolved": "https://registry.npmjs.org/promised-timeout/-/promised-timeout-0.5.1.tgz",
      "integrity": "sha512-pil+5J1yOuH5jUp/Dk65OXGGOWLMSSQ00whNbQPbZXZTBlpr2a44hELj686WW6iB3cLiUALyeIQ2n3gpZiEK3w=="
    },
    "node_modules/smtp-channel": {
      "version": "0.2.3",
      "resolved": "https://registry.npmjs.org/smtp-channel/-/smtp-channel-0.2.3.tgz",
      "integrity": "sha512-5PR7qW88Z6GcLfvgop6WpUMwNoJKKQY9CP8Gpk5INbSs3UtWqMgFYkTTMaynnbj+6e4D/L0JuagbuH3fjm4+Fw==",
      "dependencies": {
        "line-buffer": "^0.1.4",
        "promised-timeout": "^0.2.0"
      }
    },
    "node_modules/smtp-channel/node_modules/promised-timeout": {
      "version": "0.2.0",
      "resolved": "https://registry.npmjs.org/promised-timeout/-/promised-timeout-0.2.0.tgz",
      "integrity": "sha512-GIFMiDI53g37wjxeh510DgtMDnkawWem/RWBuJlCglaWgdCAUPYvkMX+zTj1nP3fDVmyrWGRthivWHX/TZ5IKw=="
    },
    "node_modules/smtp-client": {
      "version": "0.4.0",
      "resolved": "https://registry.npmjs.org/smtp-client/-/smtp-client-0.4.0.tgz",
      "integrity": "sha512-TvxdX02b96hN6732TGkXcXHsaTeXgVMXjdAhYzz/pLGE6V1p/5jh1XYJa/PfE+O21jHLmwHYWVP3c7JNFWwmOg==",
      "dependencies": {
        "promised-timeout": "0.5.1",
        "smtp-channel": "0.2.3"
      }
    }
  }
}
